<?xml version="1.0" encoding="utf-8"?>
<Project ToolsVersion="4.0" xmlns="http://schemas.microsoft.com/developer/msbuild/2003">
  <ItemGroup>
    <Filter Include="dataset">
      <UniqueIdentifier>{2c5459c7-466e-4900-8e85-5855c7f1311c}</UniqueIdentifier>
    </Filter>
    <Filter Include="dataset\block">
      <UniqueIdentifier>{1e7c49aa-bc44-4e6e-ac73-b3fefe9c47e5}</UniqueIdentifier>
    </Filter>
    <Filter Include="blocks">
      <UniqueIdentifier>{af6fcb4f-01f8-4d59-8f8e-d722636451da}</UniqueIdentifier>
    </Filter>
    <Filter Include="blocks\noise">
      <UniqueIdentifier>{d3bcd1ee-ad66-4beb-b7b8-89a01cd268ed}</UniqueIdentifier>
    </Filter>
    <Filter Include="parser">
      <UniqueIdentifier>{9ee21062-82d4-40ae-9d8a-951dcded29ca}</UniqueIdentifier>
    </Filter>
    <Filter Include="dataset\var">
      <UniqueIdentifier>{747be8d2-b1fa-4c82-b770-a8ee0911f5fa}</UniqueIdentifier>
    </Filter>
    <Filter Include="system">
      <UniqueIdentifier>{0bf5fc7a-ae0c-48cc-aa7f-290f7575fcae}</UniqueIdentifier>
    </Filter>
    <Filter Include="tools">
      <UniqueIdentifier>{db35aba8-2e22-415b-91bb-0fdb84ae0975}</UniqueIdentifier>
    </Filter>
    <Filter Include="tools\rtti">
      <UniqueIdentifier>{78e405df-7c31-459b-8511-5d469a82acdc}</UniqueIdentifier>
    </Filter>
    <Filter Include="blocks\input">
      <UniqueIdentifier>{56353ac9-fb2e-4ce1-8f10-a265653da8ec}</UniqueIdentifier>
    </Filter>
    <Filter Include="blocks\input\geometry">
      <UniqueIdentifier>{f67b6897-1396-4ca6-9e28-c7aab7ee48b5}</UniqueIdentifier>
    </Filter>
    <Filter Include="blocks\utility">
      <UniqueIdentifier>{755ac0c8-f43a-4741-92d7-f553345f5682}</UniqueIdentifier>
    </Filter>
    <Filter Include="blocks\utility\shader">
      <UniqueIdentifier>{d043766d-1394-493d-9f2c-b3fc7faaf8b8}</UniqueIdentifier>
    </Filter>
    <Filter Include="blocks\channel">
      <UniqueIdentifier>{d3071854-8e0b-4bcd-aac4-95b2b90606e2}</UniqueIdentifier>
    </Filter>
    <Filter Include="blocks\math">
      <UniqueIdentifier>{dfcc0d06-fc51-46a9-b5cb-f8afc7c4904b}</UniqueIdentifier>
    </Filter>
    <Filter Include="blocks\math\basic">
      <UniqueIdentifier>{441af1c4-6e40-49c5-ab2a-18b2aec47bec}</UniqueIdentifier>
    </Filter>
    <Filter Include="blocks\input\basic">
      <UniqueIdentifier>{c68a517c-b944-4c9a-b045-0b78aa8b9412}</UniqueIdentifier>
    </Filter>
  </ItemGroup>
  <ItemGroup>
    <ClInclude Include="..\..\..\include\shadergraph\Block.h">
      <Filter>dataset\block</Filter>
    </ClInclude>
    <ClInclude Include="..\..\..\include\shadergraph\block\fBm.h">
      <Filter>blocks\noise</Filter>
    </ClInclude>
    <ClInclude Include="..\..\..\include\shadergraph\block\Worley.h">
      <Filter>blocks\noise</Filter>
    </ClInclude>
    <ClInclude Include="..\..\..\include\shadergraph\VarType.h">
      <Filter>dataset\var</Filter>
    </ClInclude>
    <ClInclude Include="..\..\..\include\shadergraph\Variant.h">
      <Filter>dataset\var</Filter>
    </ClInclude>
    <ClInclude Include="..\..\..\include\shadergraph\Value.h">
      <Filter>dataset\var</Filter>
    </ClInclude>
    <ClInclude Include="..\..\..\include\shadergraph\ValueImpl.h">
      <Filter>dataset\var</Filter>
    </ClInclude>
    <ClInclude Include="..\..\..\include\shadergraph\CommentParser.h">
      <Filter>parser</Filter>
    </ClInclude>
    <ClInclude Include="..\..\..\include\shadergraph\BlockParser.h">
      <Filter>parser</Filter>
    </ClInclude>
    <ClInclude Include="..\..\..\include\shadergraph\ParserUtility.h">
      <Filter>parser</Filter>
    </ClInclude>
    <ClInclude Include="..\..\..\include\shadergraph\ParserProp.h">
      <Filter>parser</Filter>
    </ClInclude>
    <ClInclude Include="..\..\..\include\shadergraph\typedef.h" />
    <ClInclude Include="..\..\..\include\shadergraph\ShaderGraph.h" />
    <ClInclude Include="..\..\..\include\shadergraph\Evaluator.h">
      <Filter>system</Filter>
    </ClInclude>
    <ClInclude Include="..\..\..\include\shadergraph\node_regist_cfg.h">
      <Filter>tools\rtti</Filter>
    </ClInclude>
    <ClInclude Include="..\..\..\include\shadergraph\node_rttr_gen.h">
      <Filter>tools\rtti</Filter>
    </ClInclude>
    <ClInclude Include="..\..\..\include\shadergraph\node_include_gen.h">
      <Filter>tools\rtti</Filter>
    </ClInclude>
    <ClInclude Include="..\..\..\include\shadergraph\block\TexCoords.h">
      <Filter>blocks\input\geometry</Filter>
    </ClInclude>
    <ClInclude Include="..\..\..\include\shadergraph\block\FragmentShader.h">
      <Filter>blocks\utility\shader</Filter>
    </ClInclude>
    <ClInclude Include="..\..\..\include\shadergraph\block\UV.h">
      <Filter>blocks\input\geometry</Filter>
    </ClInclude>
    <ClInclude Include="..\..\..\include\shadergraph\block\Combine.h">
      <Filter>blocks\channel</Filter>
    </ClInclude>
    <ClInclude Include="..\..\..\include\shadergraph\block\Multiply.h">
      <Filter>blocks\math\basic</Filter>
    </ClInclude>
    <ClInclude Include="..\..\..\include\shadergraph\block\Float.h">
      <Filter>blocks\input\basic</Filter>
    </ClInclude>
    <ClInclude Include="..\..\..\include\shadergraph\BlockHelper.h">
      <Filter>dataset\block</Filter>
    </ClInclude>
    <ClInclude Include="..\..\..\include\shadergraph\block\Int.h">
      <Filter>blocks\input\basic</Filter>
    </ClInclude>
    <ClInclude Include="..\..\..\include\shadergraph\block\Int.parm.h">
      <Filter>blocks\input\basic</Filter>
    </ClInclude>
  </ItemGroup>
  <ItemGroup>
    <ClCompile Include="..\..\..\source\Block.cpp">
      <Filter>dataset\block</Filter>
    </ClCompile>
    <ClCompile Include="..\..\..\source\BlockParser.cpp">
      <Filter>parser</Filter>
    </ClCompile>
    <ClCompile Include="..\..\..\source\CommentParser.cpp">
      <Filter>parser</Filter>
    </ClCompile>
    <ClCompile Include="..\..\..\source\ParserUtility.cpp">
      <Filter>parser</Filter>
    </ClCompile>
    <ClCompile Include="..\..\..\source\ParserProp.cpp">
      <Filter>parser</Filter>
    </ClCompile>
    <ClCompile Include="..\..\..\source\ShaderGraph.cpp" />
    <ClCompile Include="..\..\..\source\Evaluator.cpp">
      <Filter>system</Filter>
    </ClCompile>
    <ClCompile Include="..\..\..\source\RegistRTTR.cpp">
      <Filter>tools\rtti</Filter>
    </ClCompile>
    <ClCompile Include="..\..\..\source\BlockHelper.cpp">
      <Filter>dataset\block</Filter>
    </ClCompile>
  </ItemGroup>
  <ItemGroup>
    <None Include="..\..\..\include\shadergraph\block\Float.parm.h">
      <Filter>blocks\input\basic</Filter>
    </None>
  </ItemGroup>
</Project>