<?xml version="1.0" encoding="utf-8"?>
<Project ToolsVersion="4.0" xmlns="http://schemas.microsoft.com/developer/msbuild/2003">
  <ItemGroup>
    <Filter Include="dataset">
      <UniqueIdentifier>{2c5459c7-466e-4900-8e85-5855c7f1311c}</UniqueIdentifier>
    </Filter>
    <Filter Include="dataset\block">
      <UniqueIdentifier>{1e7c49aa-bc44-4e6e-ac73-b3fefe9c47e5}</UniqueIdentifier>
    </Filter>
    <Filter Include="blocks">
      <UniqueIdentifier>{af6fcb4f-01f8-4d59-8f8e-d722636451da}</UniqueIdentifier>
    </Filter>
    <Filter Include="parser">
      <UniqueIdentifier>{9ee21062-82d4-40ae-9d8a-951dcded29ca}</UniqueIdentifier>
    </Filter>
    <Filter Include="dataset\var">
      <UniqueIdentifier>{747be8d2-b1fa-4c82-b770-a8ee0911f5fa}</UniqueIdentifier>
    </Filter>
    <Filter Include="system">
      <UniqueIdentifier>{0bf5fc7a-ae0c-48cc-aa7f-290f7575fcae}</UniqueIdentifier>
    </Filter>
    <Filter Include="tools">
      <UniqueIdentifier>{db35aba8-2e22-415b-91bb-0fdb84ae0975}</UniqueIdentifier>
    </Filter>
    <Filter Include="tools\rtti">
      <UniqueIdentifier>{78e405df-7c31-459b-8511-5d469a82acdc}</UniqueIdentifier>
    </Filter>
    <Filter Include="blocks\input">
      <UniqueIdentifier>{56353ac9-fb2e-4ce1-8f10-a265653da8ec}</UniqueIdentifier>
    </Filter>
    <Filter Include="blocks\input\geometry">
      <UniqueIdentifier>{f67b6897-1396-4ca6-9e28-c7aab7ee48b5}</UniqueIdentifier>
    </Filter>
    <Filter Include="blocks\utility">
      <UniqueIdentifier>{755ac0c8-f43a-4741-92d7-f553345f5682}</UniqueIdentifier>
    </Filter>
    <Filter Include="blocks\utility\shader">
      <UniqueIdentifier>{d043766d-1394-493d-9f2c-b3fc7faaf8b8}</UniqueIdentifier>
    </Filter>
    <Filter Include="blocks\channel">
      <UniqueIdentifier>{d3071854-8e0b-4bcd-aac4-95b2b90606e2}</UniqueIdentifier>
    </Filter>
    <Filter Include="blocks\math">
      <UniqueIdentifier>{dfcc0d06-fc51-46a9-b5cb-f8afc7c4904b}</UniqueIdentifier>
    </Filter>
    <Filter Include="blocks\math\basic">
      <UniqueIdentifier>{441af1c4-6e40-49c5-ab2a-18b2aec47bec}</UniqueIdentifier>
    </Filter>
    <Filter Include="blocks\input\basic">
      <UniqueIdentifier>{c68a517c-b944-4c9a-b045-0b78aa8b9412}</UniqueIdentifier>
    </Filter>
    <Filter Include="blocks\procedural">
      <UniqueIdentifier>{40822e47-448b-4536-83d3-5e0c1f00c4e7}</UniqueIdentifier>
    </Filter>
    <Filter Include="blocks\procedural\noise">
      <UniqueIdentifier>{d3bcd1ee-ad66-4beb-b7b8-89a01cd268ed}</UniqueIdentifier>
    </Filter>
    <Filter Include="blocks\procedural\shapes">
      <UniqueIdentifier>{e22decaa-6b98-46da-ade1-c796d8f43116}</UniqueIdentifier>
    </Filter>
    <Filter Include="blocks\uv">
      <UniqueIdentifier>{ea9523fb-aa64-4c64-ba7c-2a116b98f5d0}</UniqueIdentifier>
    </Filter>
    <Filter Include="blocks\procedural\sdf">
      <UniqueIdentifier>{975f2c30-090e-49b5-ad30-df8097dfe32e}</UniqueIdentifier>
    </Filter>
    <Filter Include="blocks\master">
      <UniqueIdentifier>{04de6559-b2da-4747-95e6-d122507fdc0b}</UniqueIdentifier>
    </Filter>
    <Filter Include="blocks\utility\Illumination">
      <UniqueIdentifier>{88acf6d8-64b7-4fa7-8641-c7113c11b455}</UniqueIdentifier>
    </Filter>
    <Filter Include="blocks\utility\tools">
      <UniqueIdentifier>{c878d77f-c61d-423f-aaac-aa42a8804ecf}</UniqueIdentifier>
    </Filter>
    <Filter Include="blocks\artistic">
      <UniqueIdentifier>{1a893980-b02c-4777-ad82-826f723dd296}</UniqueIdentifier>
    </Filter>
    <Filter Include="blocks\artistic\adjustment">
      <UniqueIdentifier>{a7d73ed1-e4ce-45dd-8f2e-ed734c849a87}</UniqueIdentifier>
    </Filter>
    <Filter Include="blocks\artistic\blend">
      <UniqueIdentifier>{0f06fc91-b023-4d38-a80d-5b82761d3460}</UniqueIdentifier>
    </Filter>
    <Filter Include="blocks\artistic\filter">
      <UniqueIdentifier>{821e28d3-985c-4a35-ad16-c416fb73e03b}</UniqueIdentifier>
    </Filter>
    <Filter Include="blocks\artistic\mask">
      <UniqueIdentifier>{82ec74bd-9a9b-4acf-b05a-23e3b53bd5de}</UniqueIdentifier>
    </Filter>
    <Filter Include="blocks\artistic\normal">
      <UniqueIdentifier>{46cd653f-d700-4099-a4e6-463cbedb0a82}</UniqueIdentifier>
    </Filter>
    <Filter Include="blocks\artistic\utility">
      <UniqueIdentifier>{c048fc1c-8af0-4b63-aae3-174d4c1ff2d0}</UniqueIdentifier>
    </Filter>
    <Filter Include="blocks\input\gradient">
      <UniqueIdentifier>{e36a3f6f-5abf-4364-903f-05d271bfbf27}</UniqueIdentifier>
    </Filter>
    <Filter Include="blocks\input\matrix">
      <UniqueIdentifier>{212ce048-a0ed-4d96-bb53-1b84e69746d2}</UniqueIdentifier>
    </Filter>
    <Filter Include="blocks\input\texture">
      <UniqueIdentifier>{fed04059-8dce-479c-8c04-6ae9125f5d75}</UniqueIdentifier>
    </Filter>
    <Filter Include="blocks\procedural\sdf\primitive">
      <UniqueIdentifier>{c9934821-3bcf-41a9-9538-0a8fc9293957}</UniqueIdentifier>
    </Filter>
    <Filter Include="blocks\procedural\sdf\operation">
      <UniqueIdentifier>{4f0ee9bf-9784-4f54-81b5-88f067963019}</UniqueIdentifier>
    </Filter>
    <Filter Include="blocks\procedural\sdf\operation\alterations">
      <UniqueIdentifier>{67dab2b8-f724-4f46-8f52-daba29f2e1b8}</UniqueIdentifier>
    </Filter>
    <Filter Include="blocks\procedural\sdf\operation\combinations">
      <UniqueIdentifier>{3b558ce8-b32b-49f5-8e0c-6814c7b0df49}</UniqueIdentifier>
    </Filter>
    <Filter Include="blocks\procedural\sdf\operation\positioning">
      <UniqueIdentifier>{743d4332-b7fe-40d0-b03b-01ade4ef48e8}</UniqueIdentifier>
    </Filter>
    <Filter Include="blocks\procedural\sdf\operation\deformations">
      <UniqueIdentifier>{a7a8f133-5fd1-49ce-84dd-12e51888b7a0}</UniqueIdentifier>
    </Filter>
  </ItemGroup>
  <ItemGroup>
    <ClInclude Include="..\..\..\include\shadergraph\Block.h">
      <Filter>dataset\block</Filter>
    </ClInclude>
    <ClInclude Include="..\..\..\include\shadergraph\block\fBm.h">
      <Filter>blocks\procedural\noise</Filter>
    </ClInclude>
    <ClInclude Include="..\..\..\include\shadergraph\VarType.h">
      <Filter>dataset\var</Filter>
    </ClInclude>
    <ClInclude Include="..\..\..\include\shadergraph\Variant.h">
      <Filter>dataset\var</Filter>
    </ClInclude>
    <ClInclude Include="..\..\..\include\shadergraph\Value.h">
      <Filter>dataset\var</Filter>
    </ClInclude>
    <ClInclude Include="..\..\..\include\shadergraph\ValueImpl.h">
      <Filter>dataset\var</Filter>
    </ClInclude>
    <ClInclude Include="..\..\..\include\shadergraph\CommentParser.h">
      <Filter>parser</Filter>
    </ClInclude>
    <ClInclude Include="..\..\..\include\shadergraph\ParserUtility.h">
      <Filter>parser</Filter>
    </ClInclude>
    <ClInclude Include="..\..\..\include\shadergraph\ParserProp.h">
      <Filter>parser</Filter>
    </ClInclude>
    <ClInclude Include="..\..\..\include\shadergraph\typedef.h" />
    <ClInclude Include="..\..\..\include\shadergraph\ShaderGraph.h" />
    <ClInclude Include="..\..\..\include\shadergraph\Evaluator.h">
      <Filter>system</Filter>
    </ClInclude>
    <ClInclude Include="..\..\..\include\shadergraph\node_regist_cfg.h">
      <Filter>tools\rtti</Filter>
    </ClInclude>
    <ClInclude Include="..\..\..\include\shadergraph\node_rttr_gen.h">
      <Filter>tools\rtti</Filter>
    </ClInclude>
    <ClInclude Include="..\..\..\include\shadergraph\node_include_gen.h">
      <Filter>tools\rtti</Filter>
    </ClInclude>
    <ClInclude Include="..\..\..\include\shadergraph\block\TexCoords.h">
      <Filter>blocks\input\geometry</Filter>
    </ClInclude>
    <ClInclude Include="..\..\..\include\shadergraph\block\FragmentShader.h">
      <Filter>blocks\utility\shader</Filter>
    </ClInclude>
    <ClInclude Include="..\..\..\include\shadergraph\block\UV.h">
      <Filter>blocks\input\geometry</Filter>
    </ClInclude>
    <ClInclude Include="..\..\..\include\shadergraph\block\Combine.h">
      <Filter>blocks\channel</Filter>
    </ClInclude>
    <ClInclude Include="..\..\..\include\shadergraph\block\Add.h">
      <Filter>blocks\math\basic</Filter>
    </ClInclude>
    <ClInclude Include="..\..\..\include\shadergraph\block\Subtract.h">
      <Filter>blocks\math\basic</Filter>
    </ClInclude>
    <ClInclude Include="..\..\..\include\shadergraph\block\Multiply.h">
      <Filter>blocks\math\basic</Filter>
    </ClInclude>
    <ClInclude Include="..\..\..\include\shadergraph\block\Divide.h">
      <Filter>blocks\math\basic</Filter>
    </ClInclude>
    <ClInclude Include="..\..\..\include\shadergraph\block\Float.h">
      <Filter>blocks\input\basic</Filter>
    </ClInclude>
    <ClInclude Include="..\..\..\include\shadergraph\block\Float2.h">
      <Filter>blocks\input\basic</Filter>
    </ClInclude>
    <ClInclude Include="..\..\..\include\shadergraph\block\Float3.h">
      <Filter>blocks\input\basic</Filter>
    </ClInclude>
    <ClInclude Include="..\..\..\include\shadergraph\block\Float4.h">
      <Filter>blocks\input\basic</Filter>
    </ClInclude>
    <ClInclude Include="..\..\..\include\shadergraph\BlockHelper.h">
      <Filter>dataset\block</Filter>
    </ClInclude>
    <ClInclude Include="..\..\..\include\shadergraph\block\Int.h">
      <Filter>blocks\input\basic</Filter>
    </ClInclude>
    <ClInclude Include="..\..\..\include\shadergraph\block\Int.parm.h">
      <Filter>blocks\input\basic</Filter>
    </ClInclude>
    <ClInclude Include="..\..\..\include\shadergraph\block\Time.h">
      <Filter>blocks\input\basic</Filter>
    </ClInclude>
    <ClInclude Include="..\..\..\include\shadergraph\block\Split.h">
      <Filter>blocks\channel</Filter>
    </ClInclude>
    <ClInclude Include="..\..\..\include\shadergraph\GlobalClock.h">
      <Filter>tools</Filter>
    </ClInclude>
    <ClInclude Include="..\..\..\include\shadergraph\block\Float2.parm.h">
      <Filter>blocks\input\basic</Filter>
    </ClInclude>
    <ClInclude Include="..\..\..\include\shadergraph\block\Float3.parm.h">
      <Filter>blocks\input\basic</Filter>
    </ClInclude>
    <ClInclude Include="..\..\..\include\shadergraph\block\Float4.parm.h">
      <Filter>blocks\input\basic</Filter>
    </ClInclude>
    <ClInclude Include="..\..\..\include\shadergraph\block\Checkerboard.h">
      <Filter>blocks\procedural\shapes</Filter>
    </ClInclude>
    <ClInclude Include="..\..\..\include\shadergraph\block\GradientNoise.h">
      <Filter>blocks\procedural\noise</Filter>
    </ClInclude>
    <ClInclude Include="..\..\..\include\shadergraph\block\WorleyNoise.h">
      <Filter>blocks\procedural\noise</Filter>
    </ClInclude>
    <ClInclude Include="..\..\..\include\shadergraph\block\SimpleNoise.h">
      <Filter>blocks\procedural\noise</Filter>
    </ClInclude>
    <ClInclude Include="..\..\..\include\shadergraph\block\Voronoi.h">
      <Filter>blocks\procedural\noise</Filter>
    </ClInclude>
    <ClInclude Include="..\..\..\include\shadergraph\block\RoundedPolygon.h">
      <Filter>blocks\procedural\shapes</Filter>
    </ClInclude>
    <ClInclude Include="..\..\..\include\shadergraph\block\Ellipse.h">
      <Filter>blocks\procedural\shapes</Filter>
    </ClInclude>
    <ClInclude Include="..\..\..\include\shadergraph\block\Polygon.h">
      <Filter>blocks\procedural\shapes</Filter>
    </ClInclude>
    <ClInclude Include="..\..\..\include\shadergraph\block\Rectangle.h">
      <Filter>blocks\procedural\shapes</Filter>
    </ClInclude>
    <ClInclude Include="..\..\..\include\shadergraph\block\RoundedRectangle.h">
      <Filter>blocks\procedural\shapes</Filter>
    </ClInclude>
    <ClInclude Include="..\..\..\include\shadergraph\block\Flipbook.h">
      <Filter>blocks\uv</Filter>
    </ClInclude>
    <ClInclude Include="..\..\..\include\shadergraph\block\PolarCoordinates.h">
      <Filter>blocks\uv</Filter>
    </ClInclude>
    <ClInclude Include="..\..\..\include\shadergraph\block\RadialShear.h">
      <Filter>blocks\uv</Filter>
    </ClInclude>
    <ClInclude Include="..\..\..\include\shadergraph\block\Rotate.h">
      <Filter>blocks\uv</Filter>
    </ClInclude>
    <ClInclude Include="..\..\..\include\shadergraph\block\Spherize.h">
      <Filter>blocks\uv</Filter>
    </ClInclude>
    <ClInclude Include="..\..\..\include\shadergraph\block\TilingAndOffset.h">
      <Filter>blocks\uv</Filter>
    </ClInclude>
    <ClInclude Include="..\..\..\include\shadergraph\block\Twirl.h">
      <Filter>blocks\uv</Filter>
    </ClInclude>
    <ClInclude Include="..\..\..\include\shadergraph\block\SDF_Primitives.h">
      <Filter>blocks\procedural\sdf</Filter>
    </ClInclude>
    <ClInclude Include="..\..\..\include\shadergraph\block\Raymarching.h">
      <Filter>blocks\master</Filter>
    </ClInclude>
    <ClInclude Include="..\..\..\include\shadergraph\block\Phong.h">
      <Filter>blocks\utility\Illumination</Filter>
    </ClInclude>
    <ClInclude Include="..\..\..\include\shadergraph\block\CustomBlock.h">
      <Filter>blocks\utility\tools</Filter>
    </ClInclude>
    <ClInclude Include="..\..\..\include\shadergraph\block\CustomBlock.parm.h">
      <Filter>blocks\utility\tools</Filter>
    </ClInclude>
    <ClInclude Include="..\..\..\include\shadergraph\block\ChannelMixer.h">
      <Filter>blocks\artistic\adjustment</Filter>
    </ClInclude>
    <ClInclude Include="..\..\..\include\shadergraph\block\ChannelMixer.parm.h">
      <Filter>blocks\artistic\adjustment</Filter>
    </ClInclude>
    <ClInclude Include="..\..\..\include\shadergraph\block\Contrast.h">
      <Filter>blocks\artistic\adjustment</Filter>
    </ClInclude>
    <ClInclude Include="..\..\..\include\shadergraph\block\Dither.h">
      <Filter>blocks\artistic\filter</Filter>
    </ClInclude>
    <ClInclude Include="..\..\..\include\shadergraph\block\Hue.h">
      <Filter>blocks\artistic\adjustment</Filter>
    </ClInclude>
    <ClInclude Include="..\..\..\include\shadergraph\block\InvertColors.h">
      <Filter>blocks\artistic\adjustment</Filter>
    </ClInclude>
    <ClInclude Include="..\..\..\include\shadergraph\block\InvertColors.parm.h">
      <Filter>blocks\artistic\adjustment</Filter>
    </ClInclude>
    <ClInclude Include="..\..\..\include\shadergraph\block\ReplaceColor.h">
      <Filter>blocks\artistic\adjustment</Filter>
    </ClInclude>
    <ClInclude Include="..\..\..\include\shadergraph\block\Saturation.h">
      <Filter>blocks\artistic\adjustment</Filter>
    </ClInclude>
    <ClInclude Include="..\..\..\include\shadergraph\block\WhiteBalance.h">
      <Filter>blocks\artistic\adjustment</Filter>
    </ClInclude>
    <ClInclude Include="..\..\..\include\shadergraph\block\Blend.h">
      <Filter>blocks\artistic\blend</Filter>
    </ClInclude>
    <ClInclude Include="..\..\..\include\shadergraph\block\Blend.parm.h">
      <Filter>blocks\artistic\blend</Filter>
    </ClInclude>
    <ClInclude Include="..\..\..\include\shadergraph\block\ChannelMask.h">
      <Filter>blocks\artistic\mask</Filter>
    </ClInclude>
    <ClInclude Include="..\..\..\include\shadergraph\block\ChannelMask.parm.h">
      <Filter>blocks\artistic\mask</Filter>
    </ClInclude>
    <ClInclude Include="..\..\..\include\shadergraph\block\ColorMask.h">
      <Filter>blocks\artistic\mask</Filter>
    </ClInclude>
    <ClInclude Include="..\..\..\include\shadergraph\block\NormalBlend.h">
      <Filter>blocks\artistic\normal</Filter>
    </ClInclude>
    <ClInclude Include="..\..\..\include\shadergraph\block\NormalBlend.parm.h">
      <Filter>blocks\artistic\normal</Filter>
    </ClInclude>
    <ClInclude Include="..\..\..\include\shadergraph\block\NormalReconstructZ.h">
      <Filter>blocks\artistic\normal</Filter>
    </ClInclude>
    <ClInclude Include="..\..\..\include\shadergraph\block\NormalStrength.h">
      <Filter>blocks\artistic\normal</Filter>
    </ClInclude>
    <ClInclude Include="..\..\..\include\shadergraph\block\NormalUnpack.h">
      <Filter>blocks\artistic\normal</Filter>
    </ClInclude>
    <ClInclude Include="..\..\..\include\shadergraph\block\ColorspaceConversion.h">
      <Filter>blocks\artistic\utility</Filter>
    </ClInclude>
    <ClInclude Include="..\..\..\include\shadergraph\block\ColorspaceConversion.parm.h">
      <Filter>blocks\artistic\utility</Filter>
    </ClInclude>
    <ClInclude Include="..\..\..\include\shadergraph\block\Flip.h">
      <Filter>blocks\channel</Filter>
    </ClInclude>
    <ClInclude Include="..\..\..\include\shadergraph\block\Flip.parm.h">
      <Filter>blocks\channel</Filter>
    </ClInclude>
    <ClInclude Include="..\..\..\include\shadergraph\block\Swizzle.h">
      <Filter>blocks\channel</Filter>
    </ClInclude>
    <ClInclude Include="..\..\..\include\shadergraph\block\Swizzle.parm.h">
      <Filter>blocks\channel</Filter>
    </ClInclude>
    <ClInclude Include="..\..\..\include\shadergraph\block\Bool.h">
      <Filter>blocks\input\basic</Filter>
    </ClInclude>
    <ClInclude Include="..\..\..\include\shadergraph\block\Bool.parm.h">
      <Filter>blocks\input\basic</Filter>
    </ClInclude>
    <ClInclude Include="..\..\..\include\shadergraph\block\Constant.h">
      <Filter>blocks\input\basic</Filter>
    </ClInclude>
    <ClInclude Include="..\..\..\include\shadergraph\block\Constant.parm.h">
      <Filter>blocks\input\basic</Filter>
    </ClInclude>
    <ClInclude Include="..\..\..\include\shadergraph\block\Blackbody.h">
      <Filter>blocks\input\gradient</Filter>
    </ClInclude>
    <ClInclude Include="..\..\..\include\shadergraph\block\SampleGradient.h">
      <Filter>blocks\input\gradient</Filter>
    </ClInclude>
    <ClInclude Include="..\..\..\include\shadergraph\block\SampleTexture2D.h">
      <Filter>blocks\input\texture</Filter>
    </ClInclude>
    <ClInclude Include="..\..\..\include\shadergraph\block\Texture2DAsset.h">
      <Filter>blocks\input\texture</Filter>
    </ClInclude>
    <ClInclude Include="..\..\..\include\shadergraph\block\Texture2DAsset.parm.h">
      <Filter>blocks\input\texture</Filter>
    </ClInclude>
    <ClInclude Include="..\..\..\include\shadergraph\block\PBR.h">
      <Filter>blocks\master</Filter>
    </ClInclude>
    <ClInclude Include="..\..\..\include\shadergraph\CodeParser.h">
      <Filter>parser</Filter>
    </ClInclude>
    <ClInclude Include="..\..\..\include\shadergraph\block\SDF_Sphere.h">
      <Filter>blocks\procedural\sdf\primitive</Filter>
    </ClInclude>
    <ClInclude Include="..\..\..\include\shadergraph\block\SDF.h">
      <Filter>blocks\master</Filter>
    </ClInclude>
    <ClInclude Include="..\..\..\include\shadergraph\block\SubGraph.h">
      <Filter>blocks\utility\tools</Filter>
    </ClInclude>
    <ClInclude Include="..\..\..\include\shadergraph\block\Input.h">
      <Filter>blocks\utility\tools</Filter>
    </ClInclude>
    <ClInclude Include="..\..\..\include\shadergraph\block\Output.h">
      <Filter>blocks\utility\tools</Filter>
    </ClInclude>
    <ClInclude Include="..\..\..\include\shadergraph\block\Input.parm.h">
      <Filter>blocks\utility\tools</Filter>
    </ClInclude>
    <ClInclude Include="..\..\..\include\shadergraph\block\Output.parm.h">
      <Filter>blocks\utility\tools</Filter>
    </ClInclude>
    <ClInclude Include="..\..\..\include\shadergraph\block\SDF_Box.h">
      <Filter>blocks\procedural\sdf\primitive</Filter>
    </ClInclude>
    <ClInclude Include="..\..\..\include\shadergraph\block\SDF_RoundBox.h">
      <Filter>blocks\procedural\sdf\primitive</Filter>
    </ClInclude>
    <ClInclude Include="..\..\..\include\shadergraph\block\SDF_Torus.h">
      <Filter>blocks\procedural\sdf\primitive</Filter>
    </ClInclude>
    <ClInclude Include="..\..\..\include\shadergraph\block\SDF_CappedTorus.h">
      <Filter>blocks\procedural\sdf\primitive</Filter>
    </ClInclude>
    <ClInclude Include="..\..\..\include\shadergraph\block\SDF_Link.h">
      <Filter>blocks\procedural\sdf\primitive</Filter>
    </ClInclude>
    <ClInclude Include="..\..\..\include\shadergraph\block\SDF_InfiniteCylinder.h">
      <Filter>blocks\procedural\sdf\primitive</Filter>
    </ClInclude>
    <ClInclude Include="..\..\..\include\shadergraph\block\SDF_Cone.h">
      <Filter>blocks\procedural\sdf\primitive</Filter>
    </ClInclude>
    <ClInclude Include="..\..\..\include\shadergraph\block\SDF_BoundCone.h">
      <Filter>blocks\procedural\sdf\primitive</Filter>
    </ClInclude>
    <ClInclude Include="..\..\..\include\shadergraph\block\SDF_InfiniteCone.h">
      <Filter>blocks\procedural\sdf\primitive</Filter>
    </ClInclude>
    <ClInclude Include="..\..\..\include\shadergraph\block\SDF_Plane.h">
      <Filter>blocks\procedural\sdf\primitive</Filter>
    </ClInclude>
    <ClInclude Include="..\..\..\include\shadergraph\block\SDF_HexagonalPrism.h">
      <Filter>blocks\procedural\sdf\primitive</Filter>
    </ClInclude>
    <ClInclude Include="..\..\..\include\shadergraph\block\SDF_TriangularPrism.h">
      <Filter>blocks\procedural\sdf\primitive</Filter>
    </ClInclude>
    <ClInclude Include="..\..\..\include\shadergraph\block\SDF_Capsule.h">
      <Filter>blocks\procedural\sdf\primitive</Filter>
    </ClInclude>
    <ClInclude Include="..\..\..\include\shadergraph\block\SDF_VerticalCapsule.h">
      <Filter>blocks\procedural\sdf\primitive</Filter>
    </ClInclude>
    <ClInclude Include="..\..\..\include\shadergraph\block\SDF_CappedCylinder.h">
      <Filter>blocks\procedural\sdf\primitive</Filter>
    </ClInclude>
    <ClInclude Include="..\..\..\include\shadergraph\block\SDF_CappedCylinder2.h">
      <Filter>blocks\procedural\sdf\primitive</Filter>
    </ClInclude>
    <ClInclude Include="..\..\..\include\shadergraph\block\SDF_RoundedCylinder.h">
      <Filter>blocks\procedural\sdf\primitive</Filter>
    </ClInclude>
    <ClInclude Include="..\..\..\include\shadergraph\block\SDF_CappedCone.h">
      <Filter>blocks\procedural\sdf\primitive</Filter>
    </ClInclude>
    <ClInclude Include="..\..\..\include\shadergraph\block\SDF_CappedCone2.h">
      <Filter>blocks\procedural\sdf\primitive</Filter>
    </ClInclude>
    <ClInclude Include="..\..\..\include\shadergraph\block\SDF_SolidAngle.h">
      <Filter>blocks\procedural\sdf\primitive</Filter>
    </ClInclude>
    <ClInclude Include="..\..\..\include\shadergraph\block\SDF_RoundCone.h">
      <Filter>blocks\procedural\sdf\primitive</Filter>
    </ClInclude>
    <ClInclude Include="..\..\..\include\shadergraph\block\SDF_RoundCone2.h">
      <Filter>blocks\procedural\sdf\primitive</Filter>
    </ClInclude>
    <ClInclude Include="..\..\..\include\shadergraph\block\SDF_Ellipsoid.h">
      <Filter>blocks\procedural\sdf\primitive</Filter>
    </ClInclude>
    <ClInclude Include="..\..\..\include\shadergraph\block\SDF_Rhombus.h">
      <Filter>blocks\procedural\sdf\primitive</Filter>
    </ClInclude>
    <ClInclude Include="..\..\..\include\shadergraph\block\SDF_Octahedron.h">
      <Filter>blocks\procedural\sdf\primitive</Filter>
    </ClInclude>
    <ClInclude Include="..\..\..\include\shadergraph\block\SDF_Octahedron2.h">
      <Filter>blocks\procedural\sdf\primitive</Filter>
    </ClInclude>
    <ClInclude Include="..\..\..\include\shadergraph\block\SDF_Pyramid.h">
      <Filter>blocks\procedural\sdf\primitive</Filter>
    </ClInclude>
    <ClInclude Include="..\..\..\include\shadergraph\block\SDF_Triangle.h">
      <Filter>blocks\procedural\sdf\primitive</Filter>
    </ClInclude>
    <ClInclude Include="..\..\..\include\shadergraph\block\SDF_Quad.h">
      <Filter>blocks\procedural\sdf\primitive</Filter>
    </ClInclude>
    <ClInclude Include="..\..\..\include\shadergraph\block\SDF_Onion.h">
      <Filter>blocks\procedural\sdf\operation\alterations</Filter>
    </ClInclude>
    <ClInclude Include="..\..\..\include\shadergraph\block\SDF_Intersection.h">
      <Filter>blocks\procedural\sdf\operation\combinations</Filter>
    </ClInclude>
    <ClInclude Include="..\..\..\include\shadergraph\block\SDF_Subtraction.h">
      <Filter>blocks\procedural\sdf\operation\combinations</Filter>
    </ClInclude>
    <ClInclude Include="..\..\..\include\shadergraph\block\SDF_Union.h">
      <Filter>blocks\procedural\sdf\operation\combinations</Filter>
    </ClInclude>
    <ClInclude Include="..\..\..\include\shadergraph\block\SDF_Elongation.h">
      <Filter>blocks\procedural\sdf\operation\alterations</Filter>
    </ClInclude>
    <ClInclude Include="..\..\..\include\shadergraph\block\SDF_Elongation2.h">
      <Filter>blocks\procedural\sdf\operation\alterations</Filter>
    </ClInclude>
    <ClInclude Include="..\..\..\include\shadergraph\block\SDF_Rounding.h">
      <Filter>blocks\procedural\sdf\operation\alterations</Filter>
    </ClInclude>
    <ClInclude Include="..\..\..\include\shadergraph\block\SDF_Extrusion.h">
      <Filter>blocks\procedural\sdf\operation\alterations</Filter>
    </ClInclude>
    <ClInclude Include="..\..\..\include\shadergraph\block\SDF_Revolution.h">
      <Filter>blocks\procedural\sdf\operation\alterations</Filter>
    </ClInclude>
    <ClInclude Include="..\..\..\include\shadergraph\block\SDF_SmoothUnion.h">
      <Filter>blocks\procedural\sdf\operation\combinations</Filter>
    </ClInclude>
    <ClInclude Include="..\..\..\include\shadergraph\block\SDF_SmoothSubtraction.h">
      <Filter>blocks\procedural\sdf\operation\combinations</Filter>
    </ClInclude>
    <ClInclude Include="..\..\..\include\shadergraph\block\SDF_SmoothIntersection.h">
      <Filter>blocks\procedural\sdf\operation\combinations</Filter>
    </ClInclude>
    <ClInclude Include="..\..\..\include\shadergraph\block\SDF_Scale.h">
      <Filter>blocks\procedural\sdf\operation\positioning</Filter>
    </ClInclude>
    <ClInclude Include="..\..\..\include\shadergraph\block\SDF_SymmetryX.h">
      <Filter>blocks\procedural\sdf\operation\positioning</Filter>
    </ClInclude>
    <ClInclude Include="..\..\..\include\shadergraph\block\SDF_SymmetryXZ.h">
      <Filter>blocks\procedural\sdf\operation\positioning</Filter>
    </ClInclude>
    <ClInclude Include="..\..\..\include\shadergraph\block\SDF_InfiniteRepetition.h">
      <Filter>blocks\procedural\sdf\operation\positioning</Filter>
    </ClInclude>
    <ClInclude Include="..\..\..\include\shadergraph\block\SDF_FiniteRepetition.h">
      <Filter>blocks\procedural\sdf\operation\positioning</Filter>
    </ClInclude>
    <ClInclude Include="..\..\..\include\shadergraph\block\SDF_Displacement.h">
      <Filter>blocks\procedural\sdf\operation\deformations</Filter>
    </ClInclude>
    <ClInclude Include="..\..\..\include\shadergraph\block\SDF_Twist.h">
      <Filter>blocks\procedural\sdf\operation\deformations</Filter>
    </ClInclude>
    <ClInclude Include="..\..\..\include\shadergraph\block\SDF_Bend.h">
      <Filter>blocks\procedural\sdf\operation\deformations</Filter>
    </ClInclude>
    <ClInclude Include="..\..\..\include\shadergraph\block\SelectiveColor.h">
      <Filter>blocks\artistic\filter</Filter>
    </ClInclude>
  </ItemGroup>
  <ItemGroup>
    <ClCompile Include="..\..\..\source\Block.cpp">
      <Filter>dataset\block</Filter>
    </ClCompile>
    <ClCompile Include="..\..\..\source\CommentParser.cpp">
      <Filter>parser</Filter>
    </ClCompile>
    <ClCompile Include="..\..\..\source\ParserUtility.cpp">
      <Filter>parser</Filter>
    </ClCompile>
    <ClCompile Include="..\..\..\source\ShaderGraph.cpp" />
    <ClCompile Include="..\..\..\source\Evaluator.cpp">
      <Filter>system</Filter>
    </ClCompile>
    <ClCompile Include="..\..\..\source\RegistRTTR.cpp">
      <Filter>tools\rtti</Filter>
    </ClCompile>
    <ClCompile Include="..\..\..\source\BlockHelper.cpp">
      <Filter>dataset\block</Filter>
    </ClCompile>
    <ClCompile Include="..\..\..\source\GlobalClock.cpp">
      <Filter>tools</Filter>
    </ClCompile>
    <ClCompile Include="..\..\..\source\block\Time.cpp">
      <Filter>blocks\input\basic</Filter>
    </ClCompile>
    <ClCompile Include="..\..\..\source\CodeParser.cpp">
      <Filter>parser</Filter>
    </ClCompile>
    <ClCompile Include="..\..\..\source\block\SubGraph.cpp">
      <Filter>blocks\utility\tools</Filter>
    </ClCompile>
  </ItemGroup>
  <ItemGroup>
    <None Include="..\..\..\include\shadergraph\block\Float.parm.h">
      <Filter>blocks\input\basic</Filter>
    </None>
  </ItemGroup>
</Project>